<?xml version="1.0" encoding="utf-8"?>
<Project ToolsVersion="4.0" xmlns="http://schemas.microsoft.com/developer/msbuild/2003">
  <ItemGroup>
    <ClCompile Include="solutions\1000.cpp" />
    <ClCompile Include="solutions\1001.cpp" />
    <ClCompile Include="solutions\1002.cpp" />
    <ClCompile Include="solutions\10026.cpp" />
    <ClCompile Include="solutions\1003.cpp" />
    <ClCompile Include="solutions\1004.cpp" />
    <ClCompile Include="solutions\1005.cpp" />
    <ClCompile Include="solutions\1008.cpp" />
    <ClCompile Include="solutions\1009.cpp" />
    <ClCompile Include="solutions\10102.cpp" />
    <ClCompile Include="solutions\1011.cpp" />
    <ClCompile Include="solutions\1012.cpp" />
    <ClCompile Include="solutions\1015.cpp" />
    <ClCompile Include="solutions\1018.cpp" />
    <ClCompile Include="solutions\1021.cpp" />
    <ClCompile Include="solutions\1026.cpp" />
    <ClCompile Include="solutions\1032.cpp" />
    <ClCompile Include="solutions\1037.cpp" />
    <ClCompile Include="solutions\1038.cpp" />
    <ClCompile Include="solutions\1043.cpp" />
    <ClCompile Include="solutions\1049.cpp" />
    <ClCompile Include="solutions\10569.cpp" />
    <ClCompile Include="solutions\1065.cpp" />
    <ClCompile Include="solutions\10733.cpp" />
    <ClCompile Include="solutions\1074.cpp" />
    <ClCompile Include="solutions\1075.cpp" />
    <ClCompile Include="solutions\10757.cpp" />
    <ClCompile Include="solutions\1076.cpp" />
    <ClCompile Include="solutions\10775.cpp" />
    <ClCompile Include="solutions\10814.cpp" />
    <ClCompile Include="solutions\10816.cpp" />
    <ClCompile Include="solutions\10818.cpp" />
    <ClCompile Include="solutions\10825.cpp" />
    <ClCompile Include="solutions\10826.cpp" />
    <ClCompile Include="solutions\10830.cpp" />
    <ClCompile Include="solutions\10844.cpp" />
    <ClCompile Include="solutions\1085.cpp" />
    <ClCompile Include="solutions\10942.cpp" />
    <ClCompile Include="solutions\10973.cpp" />
    <ClCompile Include="solutions\10984.cpp" />
    <ClCompile Include="solutions\10989.cpp" />
    <ClCompile Include="solutions\1100.cpp" />
    <ClCompile Include="solutions\11000.cpp" />
    <ClCompile Include="solutions\11003.cpp" />
    <ClCompile Include="solutions\11047.cpp" />
    <ClCompile Include="solutions\11049.cpp" />
    <ClCompile Include="solutions\11051.cpp" />
    <ClCompile Include="solutions\11052.cpp" />
    <ClCompile Include="solutions\11053.cpp" />
    <ClCompile Include="solutions\11054.cpp" />
    <ClCompile Include="solutions\11055.cpp" />
    <ClCompile Include="solutions\11057.cpp" />
    <ClCompile Include="solutions\11066.cpp" />
    <ClCompile Include="solutions\1107.cpp" />
    <ClCompile Include="solutions\11277.cpp" />
    <ClCompile Include="solutions\11279.cpp" />
    <ClCompile Include="solutions\11286.cpp" />
    <ClCompile Include="solutions\11399.cpp" />
    <ClCompile Include="solutions\11403.cpp" />
    <ClCompile Include="solutions\11404.cpp" />
    <ClCompile Include="solutions\11444.cpp" />
    <ClCompile Include="solutions\1145.cpp" />
    <ClCompile Include="solutions\1149.cpp" />
    <ClCompile Include="solutions\11501.cpp" />
    <ClCompile Include="solutions\11505.cpp" />
    <ClCompile Include="solutions\1152.cpp" />
    <ClCompile Include="solutions\1157.cpp" />
    <ClCompile Include="solutions\1158.cpp" />
    <ClCompile Include="solutions\11652.cpp" />
    <ClCompile Include="solutions\11656.cpp" />
    <ClCompile Include="solutions\11657.cpp" />
    <ClCompile Include="solutions\11659.cpp" />
    <ClCompile Include="solutions\11660.cpp" />
    <ClCompile Include="solutions\11663.cpp" />
    <ClCompile Include="solutions\1167.cpp" />
    <ClCompile Include="solutions\11723.cpp" />
    <ClCompile Include="solutions\11724.cpp" />
    <ClCompile Include="solutions\11725.cpp" />
    <ClCompile Include="solutions\11726.cpp" />
    <ClCompile Include="solutions\11727.cpp" />
    <ClCompile Include="solutions\1173.cpp" />
    <ClCompile Include="solutions\11779.cpp" />
    <ClCompile Include="solutions\11866.cpp" />
    <ClCompile Include="solutions\11967.cpp" />
    <ClCompile Include="solutions\1197.cpp" />
    <ClCompile Include="solutions\12015.cpp" />
    <ClCompile Include="solutions\1202.cpp" />
    <ClCompile Include="solutions\1208.cpp" />
    <ClCompile Include="solutions\12100.cpp" />
    <ClCompile Include="solutions\1236.cpp" />
    <ClCompile Include="solutions\1238.cpp" />
    <ClCompile Include="solutions\1246.cpp" />
    <ClCompile Include="solutions\1252.cpp" />
    <ClCompile Include="solutions\1264.cpp" />
    <ClCompile Include="solutions\1268.cpp" />
    <ClCompile Include="solutions\12850.cpp" />
    <ClCompile Include="solutions\12851.cpp" />
    <ClCompile Include="solutions\12852.cpp" />
    <ClCompile Include="solutions\12865.cpp" />
    <ClCompile Include="solutions\1308.cpp" />
    <ClCompile Include="solutions\13164.cpp" />
    <ClCompile Include="solutions\13172.cpp" />
    <ClCompile Include="solutions\1333.cpp" />
    <ClCompile Include="solutions\13334.cpp" />
    <ClCompile Include="solutions\13411.cpp" />
    <ClCompile Include="solutions\13460.cpp" />
    <ClCompile Include="solutions\13549.cpp" />
    <ClCompile Include="solutions\1358.cpp" />
    <ClCompile Include="solutions\1389.cpp" />
    <ClCompile Include="solutions\1393.cpp" />
    <ClCompile Include="solutions\13975.cpp" />
    <ClCompile Include="solutions\14002.cpp" />
    <ClCompile Include="solutions\14003.cpp" />
    <ClCompile Include="solutions\1406.cpp" />
    <ClCompile Include="solutions\1417.cpp" />
    <ClCompile Include="solutions\14170.cpp" />
    <ClCompile Include="solutions\1431.cpp" />
    <ClCompile Include="solutions\1436.cpp" />
    <ClCompile Include="solutions\1439.cpp" />
    <ClCompile Include="solutions\14442.cpp" />
    <ClCompile Include="solutions\14500.cpp" />
    <ClCompile Include="solutions\14501.cpp" />
    <ClCompile Include="solutions\14502.cpp" />
    <ClCompile Include="solutions\14503.cpp" />
    <ClCompile Include="solutions\14615.cpp" />
    <ClCompile Include="solutions\1463.cpp" />
    <ClCompile Include="solutions\1485.cpp" />
    <ClCompile Include="solutions\14938.cpp" />
    <ClCompile Include="solutions\14940.cpp" />
    <ClCompile Include="solutions\1504.cpp" />
    <ClCompile Include="solutions\1509.cpp" />
    <ClCompile Include="solutions\1520.cpp" />
    <ClCompile Include="solutions\1541.cpp" />
    <ClCompile Include="solutions\1543.cpp" />
    <ClCompile Include="solutions\15486.cpp" />
    <ClCompile Include="solutions\1562.cpp" />
    <ClCompile Include="solutions\15624.cpp" />
    <ClCompile Include="solutions\15649.cpp" />
    <ClCompile Include="solutions\15653.cpp" />
    <ClCompile Include="solutions\15654.cpp" />
    <ClCompile Include="solutions\15657.cpp" />
    <ClCompile Include="solutions\15663.cpp" />
    <ClCompile Include="solutions\15666.cpp" />
    <ClCompile Include="solutions\15650.cpp" />
    <ClCompile Include="solutions\15652.cpp" />
    <ClCompile Include="solutions\15681.cpp" />
    <ClCompile Include="solutions\15686.cpp" />
    <ClCompile Include="solutions\15702.cpp" />
    <ClCompile Include="solutions\15828.cpp" />
    <ClCompile Include="solutions\15903.cpp" />
    <ClCompile Include="solutions\1598.cpp" />
    <ClCompile Include="solutions\15988.cpp" />
    <ClCompile Include="solutions\15989.cpp" />
    <ClCompile Include="solutions\1600.cpp" />
    <ClCompile Include="solutions\1620.cpp" />
    <ClCompile Include="solutions\16236.cpp" />
    <ClCompile Include="solutions\1629.cpp" />
    <ClCompile Include="solutions\1644.cpp" />
    <ClCompile Include="solutions\1647.cpp" />
    <ClCompile Include="solutions\1654.cpp" />
    <ClCompile Include="solutions\16566.cpp" />
    <ClCompile Include="solutions\16724.cpp" />
    <ClCompile Include="solutions\1676.cpp" />
    <ClCompile Include="solutions\16918.cpp" />
    <ClCompile Include="solutions\16928.cpp" />
    <ClCompile Include="solutions\16931.cpp" />
    <ClCompile Include="solutions\16933.cpp" />
    <ClCompile Include="solutions\16937.cpp" />
    <ClCompile Include="solutions\16946.cpp" />
    <ClCompile Include="solutions\16953.cpp" />
    <ClCompile Include="solutions\1697.cpp" />
    <ClCompile Include="solutions\1699.cpp" />
    <ClCompile Include="solutions\17070.cpp" />
    <ClCompile Include="solutions\17141.cpp" />
    <ClCompile Include="solutions\17143.cpp" />
    <ClCompile Include="solutions\17144.cpp" />
    <ClCompile Include="solutions\1719.cpp" />
    <ClCompile Include="solutions\17219.cpp" />
    <ClCompile Include="solutions\1725.cpp" />
    <ClCompile Include="solutions\17298.cpp" />
    <ClCompile Include="solutions\17387.cpp" />
    <ClCompile Include="solutions\17404.cpp" />
    <ClCompile Include="solutions\1744.cpp" />
    <ClCompile Include="solutions\17492.cpp" />
    <ClCompile Include="solutions\1753.cpp" />
    <ClCompile Include="solutions\1758.cpp" />
    <ClCompile Include="solutions\17626.cpp" />
    <ClCompile Include="solutions\1764.cpp" />
    <ClCompile Include="solutions\1766.cpp" />
    <ClCompile Include="solutions\1788.cpp" />
    <ClCompile Include="solutions\1799.cpp" />
    <ClCompile Include="solutions\1806.cpp" />
    <ClCompile Include="solutions\1807.cpp" />
    <ClCompile Include="solutions\18110.cpp" />
    <ClCompile Include="solutions\18111.cpp" />
    <ClCompile Include="solutions\1822.cpp" />
    <ClCompile Include="solutions\1837.cpp" />
    <ClCompile Include="solutions\1865.cpp" />
    <ClCompile Include="solutions\1904.cpp" />
    <ClCompile Include="solutions\1912.cpp" />
    <ClCompile Include="solutions\1915.cpp" />
    <ClCompile Include="solutions\1916.cpp" />
    <ClCompile Include="solutions\1926.cpp" />
    <ClCompile Include="solutions\1927.cpp" />
    <ClCompile Include="solutions\1931.cpp" />
    <ClCompile Include="solutions\1932.cpp" />
    <ClCompile Include="solutions\1966.cpp" />
    <ClCompile Include="solutions\1967.cpp" />
    <ClCompile Include="solutions\19845.cpp" />
    <ClCompile Include="solutions\1987.cpp" />
    <ClCompile Include="solutions\19949.cpp" />
    <ClCompile Include="solutions\2003.cpp" />
    <ClCompile Include="solutions\20040.cpp" />
    <ClCompile Include="solutions\2011.cpp" />
    <ClCompile Include="solutions\2012.cpp" />
    <ClCompile Include="solutions\20303.cpp" />
    <ClCompile Include="solutions\2033.cpp" />
    <ClCompile Include="solutions\2042.cpp" />
    <ClCompile Include="solutions\20529.cpp" />
    <ClCompile Include="solutions\20530.cpp" />
    <ClCompile Include="solutions\2083.cpp" />
    <ClCompile Include="solutions\2096.cpp" />
    <ClCompile Include="solutions\2098.cpp" />
    <ClCompile Include="solutions\2110.cpp" />
    <ClCompile Include="solutions\2138.cpp" />
    <ClCompile Include="solutions\2143.cpp" />
    <ClCompile Include="solutions\2146.cpp" />
    <ClCompile Include="solutions\2156.cpp" />
    <ClCompile Include="solutions\2162.cpp" />
    <ClCompile Include="solutions\2166.cpp" />
    <ClCompile Include="solutions\2170.cpp" />
    <ClCompile Include="solutions\21736.cpp" />
    <ClCompile Include="solutions\2178.cpp" />
    <ClCompile Include="solutions\2193.cpp" />
    <ClCompile Include="solutions\2206.cpp" />
    <ClCompile Include="solutions\2217.cpp" />
    <ClCompile Include="solutions\2239.cpp" />
    <ClCompile Include="solutions\2240.cpp" />
    <ClCompile Include="solutions\2252.cpp" />
    <ClCompile Include="solutions\2263.cpp" />
    <ClCompile Include="solutions\2293.cpp" />
    <ClCompile Include="solutions\2302.cpp" />
    <ClCompile Include="solutions\23085.cpp" />
    <ClCompile Include="solutions\23305.cpp" />
    <ClCompile Include="solutions\2338.cpp" />
    <ClCompile Include="solutions\2342.cpp" />
    <ClCompile Include="solutions\2355.cpp" />
    <ClCompile Include="solutions\2357.cpp" />
    <ClCompile Include="solutions\2448.cpp" />
    <ClCompile Include="solutions\2456.cpp" />
    <ClCompile Include="solutions\2457.cpp" />
    <ClCompile Include="solutions\2460.cpp" />
    <ClCompile Include="solutions\2467.cpp" />
    <ClCompile Include="solutions\2468.cpp" />
    <ClCompile Include="solutions\2470.cpp" />
    <ClCompile Include="solutions\2473.cpp" />
    <ClCompile Include="solutions\2476.cpp" />
    <ClCompile Include="solutions\2477.cpp" />
    <ClCompile Include="solutions\25083.cpp" />
    <ClCompile Include="solutions\25208.cpp" />
    <ClCompile Include="solutions\25212.cpp" />
    <ClCompile Include="solutions\25216.cpp" />
    <ClCompile Include="solutions\2527.cpp" />
    <ClCompile Include="solutions\2533.cpp" />
    <ClCompile Include="solutions\25379.cpp" />
    <ClCompile Include="solutions\25426.cpp" />
    <ClCompile Include="solutions\2566.cpp" />
    <ClCompile Include="solutions\2568.cpp" />
    <ClCompile Include="solutions\25706.cpp" />
    <ClCompile Include="solutions\25709.cpp" />
    <ClCompile Include="solutions\25713.cpp" />
    <ClCompile Include="solutions\2573.cpp" />
    <ClCompile Include="solutions\2579.cpp" />
    <ClCompile Include="solutions\2583.cpp" />
    <ClCompile Include="solutions\2587.cpp" />
    <ClCompile Include="solutions\2592.cpp" />
    <ClCompile Include="solutions\26072.cpp" />
    <ClCompile Include="solutions\2623.cpp" />
    <ClCompile Include="solutions\2630.cpp" />
    <ClCompile Include="solutions\2638.cpp" />
    <ClCompile Include="solutions\2644.cpp" />
    <ClCompile Include="solutions\26517.cpp" />
    <ClCompile Include="solutions\2667.cpp" />
    <ClCompile Include="solutions\2670.cpp" />
    <ClCompile Include="solutions\27172.cpp" />
    <ClCompile Include="solutions\27331.cpp" />
    <ClCompile Include="solutions\2750.cpp" />
    <ClCompile Include="solutions\2751.cpp" />
    <ClCompile Include="solutions\27866.cpp" />
    <ClCompile Include="solutions\2805.cpp" />
    <ClCompile Include="solutions\28075.cpp" />
    <ClCompile Include="solutions\28082.cpp" />
    <ClCompile Include="solutions\2847.cpp" />
    <ClCompile Include="solutions\2863.cpp" />
    <ClCompile Include="solutions\28707.cpp" />
    <ClCompile Include="solutions\2875.cpp" />
    <ClCompile Include="solutions\2887.cpp" />
    <ClCompile Include="solutions\2891.cpp" />
    <ClCompile Include="solutions\2910.cpp" />
    <ClCompile Include="solutions\2921.cpp" />
    <ClCompile Include="solutions\2948.cpp" />
    <ClCompile Include="solutions\3040.cpp" />
    <ClCompile Include="solutions\3049.cpp" />
    <ClCompile Include="solutions\30645.cpp" />
    <ClCompile Include="solutions\31413.cpp" />
    <ClCompile Include="solutions\3151.cpp" />
    <ClCompile Include="solutions\3190.cpp" />
    <ClCompile Include="solutions\3273.cpp" />
    <ClCompile Include="solutions\3460.cpp" />
    <ClCompile Include="solutions\3933.cpp" />
    <ClCompile Include="solutions\4179.cpp" />
    <ClCompile Include="solutions\4470.cpp" />
    <ClCompile Include="solutions\4883.cpp" />
    <ClCompile Include="solutions\4949.cpp" />
    <ClCompile Include="solutions\5014.cpp" />
    <ClCompile Include="solutions\5054.cpp" />
    <ClCompile Include="solutions\5063.cpp" />
    <ClCompile Include="solutions\5176.cpp" />
    <ClCompile Include="solutions\5355.cpp" />
    <ClCompile Include="solutions\5427.cpp" />
    <ClCompile Include="solutions\5525.cpp" />
    <ClCompile Include="solutions\5541.cpp" />
    <ClCompile Include="solutions\5639.cpp" />
    <ClCompile Include="solutions\5717.cpp" />
    <ClCompile Include="solutions\6064.cpp" />
    <ClCompile Include="solutions\6593.cpp" />
    <ClCompile Include="solutions\7453.cpp" />
    <ClCompile Include="solutions\7513.cpp" />
    <ClCompile Include="solutions\7562.cpp" />
    <ClCompile Include="solutions\7569.cpp" />
    <ClCompile Include="solutions\7576.cpp" />
    <ClCompile Include="solutions\7579.cpp" />
    <ClCompile Include="solutions\7662.cpp" />
    <ClCompile Include="solutions\8894.cpp" />
    <ClCompile Include="solutions\9019.cpp" />
    <ClCompile Include="solutions\9076.cpp" />
    <ClCompile Include="solutions\9084.cpp" />
    <ClCompile Include="solutions\9205.cpp" />
    <ClCompile Include="solutions\9251.cpp" />
    <ClCompile Include="solutions\9252.cpp" />
    <ClCompile Include="solutions\9325.cpp" />
    <ClCompile Include="solutions\9328.cpp" />
    <ClCompile Include="solutions\9375.cpp" />
    <ClCompile Include="solutions\9465.cpp" />
    <ClCompile Include="solutions\9466.cpp" />
    <ClCompile Include="solutions\9527.cpp" />
    <ClCompile Include="solutions\9655.cpp" />
    <ClCompile Include="solutions\9663.cpp" />
    <ClCompile Include="solutions\9935.cpp" />
    <ClCompile Include="solutions\2629.cpp" />
    <ClCompile Include="solutions\15683.cpp" />
    <ClCompile Include="solutions\1941.cpp" />
    <ClCompile Include="solutions\1774.cpp" />
    <ClCompile Include="solutions\1939.cpp" />
    <ClCompile Include="solutions\26607.cpp" />
    <ClCompile Include="solutions\1253.cpp" />
    <ClCompile Include="solutions\1368.cpp" />
    <ClCompile Include="solutions\27498.cpp" />
    <ClCompile Include="solutions\15483.cpp" />
    <ClCompile Include="solutions\10815.cpp" />
    <ClCompile Include="solutions\1943.cpp" />
    <ClCompile Include="solutions\1068.cpp" />
    <ClCompile Include="solutions\2133.cpp" />
    <ClCompile Include="solutions\2437.cpp" />
    <ClCompile Include="solutions\1516.cpp" />
    <ClCompile Include="solutions\1106.cpp" />
    <ClCompile Include="solutions\1621.cpp" />
    <ClCompile Include="solutions\5015.cpp" />
    <ClCompile Include="solutions\1103.cpp" />
    <ClCompile Include="solutions\10800.cpp" />
    <ClCompile Include="solutions\17299.cpp" />
    <ClCompile Include="solutions\1640.cpp" />
    <ClCompile Include="solutions\1613.cpp" />
    <ClCompile Include="solutions\1364.cpp" />
    <ClCompile Include="solutions\14890.cpp" />
    <ClCompile Include="solutions\1194.cpp" />
    <ClCompile Include="solutions\3665.cpp" />
    <ClCompile Include="solutions\3197.cpp" />
    <ClCompile Include="solutions\9370.cpp" />
    <ClCompile Include="solutions\14725.cpp" />
    <ClCompile Include="solutions\1328.cpp" />
    <ClCompile Include="solutions\1339.cpp" />
    <ClCompile Include="solutions\1747.cpp" />
    <ClCompile Include="solutions\1546.cpp" />
    <ClCompile Include="solutions\1748.cpp" />
    <ClCompile Include="solutions\1508.cpp" />
    <ClCompile Include="solutions\1016.cpp" />
    <ClCompile Include="solutions\32293.cpp" />
    <ClCompile Include="solutions\1138.cpp" />
    <ClCompile Include="solutions\2211.cpp" />
    <ClCompile Include="solutions\2150.cpp" />
    <ClCompile Include="solutions\1655.cpp" />
    <ClCompile Include="solutions\9086.cpp" />
    <ClCompile Include="solutions\10971.cpp" />
    <ClCompile Include="solutions\5430.cpp" />
    <ClCompile Include="solutions\1938.cpp" />
    <ClCompile Include="solutions\7570.cpp" />
    <ClCompile Include="solutions\2228.cpp" />
    <ClCompile Include="solutions\1086.cpp" />
    <ClCompile Include="solutions\2749.cpp" />
    <ClCompile Include="solutions\1944.cpp" />
    <ClCompile Include="solutions\2250.cpp" />
    <ClCompile Include="solutions\14438.cpp" />
    <ClCompile Include="solutions\2812.cpp" />
    <ClCompile Include="solutions\33708.cpp" />
    <ClCompile Include="solutions\3015.cpp" />
    <ClCompile Include="solutions\32088.cpp" />
    <ClCompile Include="solutions\21013.cpp" />
    <ClCompile Include="solutions\3830.cpp" />
    <ClCompile Include="solutions\33148.cpp" />
    <ClCompile Include="solutions\12764.cpp" />
    <ClCompile Include="solutions\15916.cpp" />
    <ClCompile Include="solutions\3216.cpp" />
    <ClCompile Include="1319.cpp" />
    <ClCompile Include="solutions\20366.cpp" />
    <ClCompile Include="solutions\4377.cpp" />
    <ClCompile Include="solutions\2885.cpp" />
    <ClCompile Include="solutions\2637.cpp" />
    <ClCompile Include="solutions\11401.cpp" />
    <ClCompile Include="solutions\2015.cpp" />
    <ClCompile Include="solutions\1162.cpp" />
    <ClCompile Include="solutions\1738.cpp" />
    <ClCompile Include="solutions\14499.cpp" />
    <ClCompile Include="solutions\14891.cpp" />
    <ClCompile Include="solutions\15684.cpp" />
    <ClCompile Include="solutions\15685.cpp" />
    <ClCompile Include="solutions\5373.cpp" />
    <ClCompile Include="solutions\16234.cpp" />
    <ClCompile Include="solutions\16235.cpp" />
    <ClCompile Include="solutions\17140.cpp" />
    <ClCompile Include="solutions\17142.cpp" />
    <ClCompile Include="solutions\18809.cpp" />
    <ClCompile Include="solutions\3860.cpp" />
    <ClCompile Include="solutions\1477.cpp" />
    <ClCompile Include="solutions\4386.cpp" />
    <ClCompile Include="solutions\30039.cpp" />
    <ClCompile Include="solutions\13141.cpp" />
  </ItemGroup>
</Project>