<?xml version="1.0" encoding="utf-8"?>
<Project ToolsVersion="4.0" xmlns="http://schemas.microsoft.com/developer/msbuild/2003">
  <ItemGroup>
    <ClCompile Include="1000.cpp" />
    <ClCompile Include="1001.cpp" />
    <ClCompile Include="1002.cpp" />
    <ClCompile Include="10026.cpp" />
    <ClCompile Include="1003.cpp" />
    <ClCompile Include="1004.cpp" />
    <ClCompile Include="1008.cpp" />
    <ClCompile Include="1009.cpp" />
    <ClCompile Include="10102.cpp" />
    <ClCompile Include="1011.cpp" />
    <ClCompile Include="1012.cpp" />
    <ClCompile Include="1015.cpp" />
    <ClCompile Include="1018.cpp" />
    <ClCompile Include="1021.cpp" />
    <ClCompile Include="1026.cpp" />
    <ClCompile Include="1032.cpp" />
    <ClCompile Include="1037.cpp" />
    <ClCompile Include="1038.cpp" />
    <ClCompile Include="1043.cpp" />
    <ClCompile Include="1049.cpp" />
    <ClCompile Include="10569.cpp" />
    <ClCompile Include="1065.cpp" />
    <ClCompile Include="10733.cpp" />
    <ClCompile Include="1074.cpp" />
    <ClCompile Include="1075.cpp" />
    <ClCompile Include="10757.cpp" />
    <ClCompile Include="1076.cpp" />
    <ClCompile Include="10814.cpp" />
    <ClCompile Include="10816.cpp" />
    <ClCompile Include="10818.cpp" />
    <ClCompile Include="10825.cpp" />
    <ClCompile Include="10826.cpp" />
    <ClCompile Include="10830.cpp" />
    <ClCompile Include="10844.cpp" />
    <ClCompile Include="1085.cpp" />
    <ClCompile Include="10942.cpp" />
    <ClCompile Include="10973.cpp" />
    <ClCompile Include="10984.cpp" />
    <ClCompile Include="10989.cpp" />
    <ClCompile Include="1100.cpp" />
    <ClCompile Include="11000.cpp" />
    <ClCompile Include="11003.cpp" />
    <ClCompile Include="11047.cpp" />
    <ClCompile Include="11051.cpp" />
    <ClCompile Include="11052.cpp" />
    <ClCompile Include="11053.cpp" />
    <ClCompile Include="11054.cpp" />
    <ClCompile Include="11055.cpp" />
    <ClCompile Include="11057.cpp" />
    <ClCompile Include="1107.cpp" />
    <ClCompile Include="11277.cpp" />
    <ClCompile Include="11279.cpp" />
    <ClCompile Include="11286.cpp" />
    <ClCompile Include="11399.cpp" />
    <ClCompile Include="11403.cpp" />
    <ClCompile Include="11404.cpp" />
    <ClCompile Include="11444.cpp" />
    <ClCompile Include="1145.cpp" />
    <ClCompile Include="1149.cpp" />
    <ClCompile Include="11501.cpp" />
    <ClCompile Include="1152.cpp" />
    <ClCompile Include="1157.cpp" />
    <ClCompile Include="1158.cpp" />
    <ClCompile Include="11652.cpp" />
    <ClCompile Include="11656.cpp" />
    <ClCompile Include="11659.cpp" />
    <ClCompile Include="11660.cpp" />
    <ClCompile Include="11663.cpp" />
    <ClCompile Include="1167.cpp" />
    <ClCompile Include="11723.cpp" />
    <ClCompile Include="11724.cpp" />
    <ClCompile Include="11725.cpp" />
    <ClCompile Include="11726.cpp" />
    <ClCompile Include="11727.cpp" />
    <ClCompile Include="1173.cpp" />
    <ClCompile Include="11779.cpp" />
    <ClCompile Include="11866.cpp" />
    <ClCompile Include="11967.cpp" />
    <ClCompile Include="1197.cpp" />
    <ClCompile Include="1236.cpp" />
    <ClCompile Include="1238.cpp" />
    <ClCompile Include="1246.cpp" />
    <ClCompile Include="1252.cpp" />
    <ClCompile Include="1264.cpp" />
    <ClCompile Include="1268.cpp" />
    <ClCompile Include="12851.cpp" />
    <ClCompile Include="12852.cpp" />
    <ClCompile Include="12865.cpp" />
    <ClCompile Include="1308.cpp" />
    <ClCompile Include="13172.cpp" />
    <ClCompile Include="1333.cpp" />
    <ClCompile Include="13411.cpp" />
    <ClCompile Include="13549.cpp" />
    <ClCompile Include="1358.cpp" />
    <ClCompile Include="1389.cpp" />
    <ClCompile Include="1393.cpp" />
    <ClCompile Include="14002.cpp" />
    <ClCompile Include="1406.cpp" />
    <ClCompile Include="14170.cpp" />
    <ClCompile Include="1431.cpp" />
    <ClCompile Include="1436.cpp" />
    <ClCompile Include="1439.cpp" />
    <ClCompile Include="14442.cpp" />
    <ClCompile Include="14500.cpp" />
    <ClCompile Include="14501.cpp" />
    <ClCompile Include="14502.cpp" />
    <ClCompile Include="14503.cpp" />
    <ClCompile Include="1463.cpp" />
    <ClCompile Include="1485.cpp" />
    <ClCompile Include="14938.cpp" />
    <ClCompile Include="14940.cpp" />
    <ClCompile Include="1504.cpp" />
    <ClCompile Include="1541.cpp" />
    <ClCompile Include="1543.cpp" />
    <ClCompile Include="15486.cpp" />
    <ClCompile Include="15624.cpp" />
    <ClCompile Include="15649.cpp" />
    <ClCompile Include="15654.cpp" />
    <ClCompile Include="15657.cpp" />
    <ClCompile Include="15663.cpp" />
    <ClCompile Include="15666.cpp" />
    <ClCompile Include="15650.cpp" />
    <ClCompile Include="15652.cpp" />
    <ClCompile Include="15686.cpp" />
    <ClCompile Include="15702.cpp" />
    <ClCompile Include="15828.cpp" />
    <ClCompile Include="15903.cpp" />
    <ClCompile Include="1598.cpp" />
    <ClCompile Include="15988.cpp" />
    <ClCompile Include="1600.cpp" />
    <ClCompile Include="1620.cpp" />
    <ClCompile Include="16236.cpp" />
    <ClCompile Include="1629.cpp" />
    <ClCompile Include="1654.cpp" />
    <ClCompile Include="1676.cpp" />
    <ClCompile Include="16918.cpp" />
    <ClCompile Include="16928.cpp" />
    <ClCompile Include="16931.cpp" />
    <ClCompile Include="16933.cpp" />
    <ClCompile Include="16937.cpp" />
    <ClCompile Include="16953.cpp" />
    <ClCompile Include="1697.cpp" />
    <ClCompile Include="1699.cpp" />
    <ClCompile Include="17070.cpp" />
    <ClCompile Include="17144.cpp" />
    <ClCompile Include="17219.cpp" />
    <ClCompile Include="17298.cpp" />
    <ClCompile Include="1744.cpp" />
    <ClCompile Include="17492.cpp" />
    <ClCompile Include="1753.cpp" />
    <ClCompile Include="17626.cpp" />
    <ClCompile Include="1764.cpp" />
    <ClCompile Include="1788.cpp" />
    <ClCompile Include="1807.cpp" />
    <ClCompile Include="18110.cpp" />
    <ClCompile Include="18111.cpp" />
    <ClCompile Include="1822.cpp" />
    <ClCompile Include="1837.cpp" />
    <ClCompile Include="1865.cpp" />
    <ClCompile Include="1904.cpp" />
    <ClCompile Include="1912.cpp" />
    <ClCompile Include="1915.cpp" />
    <ClCompile Include="1916.cpp" />
    <ClCompile Include="1926.cpp" />
    <ClCompile Include="1927.cpp" />
    <ClCompile Include="1931.cpp" />
    <ClCompile Include="1932.cpp" />
    <ClCompile Include="1966.cpp" />
    <ClCompile Include="1967.cpp" />
    <ClCompile Include="19845.cpp" />
    <ClCompile Include="1987.cpp" />
    <ClCompile Include="19949.cpp" />
    <ClCompile Include="20040.cpp" />
    <ClCompile Include="2011.cpp" />
    <ClCompile Include="2012.cpp" />
    <ClCompile Include="2033.cpp" />
    <ClCompile Include="20529.cpp" />
    <ClCompile Include="2083.cpp" />
    <ClCompile Include="2096.cpp" />
    <ClCompile Include="2110.cpp" />
    <ClCompile Include="2146.cpp" />
    <ClCompile Include="2156.cpp" />
    <ClCompile Include="2166.cpp" />
    <ClCompile Include="2170.cpp" />
    <ClCompile Include="21736.cpp" />
    <ClCompile Include="2178.cpp" />
    <ClCompile Include="2193.cpp" />
    <ClCompile Include="2206.cpp" />
    <ClCompile Include="2217.cpp" />
    <ClCompile Include="2240.cpp" />
    <ClCompile Include="2293.cpp" />
    <ClCompile Include="2302.cpp" />
    <ClCompile Include="23305.cpp" />
    <ClCompile Include="2338.cpp" />
    <ClCompile Include="2355.cpp" />
    <ClCompile Include="2448.cpp" />
    <ClCompile Include="2456.cpp" />
    <ClCompile Include="2457.cpp" />
    <ClCompile Include="2460.cpp" />
    <ClCompile Include="2467.cpp" />
    <ClCompile Include="2468.cpp" />
    <ClCompile Include="2476.cpp" />
    <ClCompile Include="2477.cpp" />
    <ClCompile Include="25083.cpp" />
    <ClCompile Include="25212.cpp" />
    <ClCompile Include="2527.cpp" />
    <ClCompile Include="2566.cpp" />
    <ClCompile Include="2573.cpp" />
    <ClCompile Include="2579.cpp" />
    <ClCompile Include="2583.cpp" />
    <ClCompile Include="2587.cpp" />
    <ClCompile Include="2592.cpp" />
    <ClCompile Include="26072.cpp" />
    <ClCompile Include="2630.cpp" />
    <ClCompile Include="2638.cpp" />
    <ClCompile Include="2644.cpp" />
    <ClCompile Include="26517.cpp" />
    <ClCompile Include="2667.cpp" />
    <ClCompile Include="2670.cpp" />
    <ClCompile Include="27331.cpp" />
    <ClCompile Include="2750.cpp" />
    <ClCompile Include="2751.cpp" />
    <ClCompile Include="27866.cpp" />
    <ClCompile Include="2805.cpp" />
    <ClCompile Include="28075.cpp" />
    <ClCompile Include="2847.cpp" />
    <ClCompile Include="2863.cpp" />
    <ClCompile Include="2875.cpp" />
    <ClCompile Include="2910.cpp" />
    <ClCompile Include="2921.cpp" />
    <ClCompile Include="2948.cpp" />
    <ClCompile Include="3040.cpp" />
    <ClCompile Include="3049.cpp" />
    <ClCompile Include="3151.cpp" />
    <ClCompile Include="3273.cpp" />
    <ClCompile Include="3460.cpp" />
    <ClCompile Include="3933.cpp" />
    <ClCompile Include="4179.cpp" />
    <ClCompile Include="4470.cpp" />
    <ClCompile Include="4883.cpp" />
    <ClCompile Include="4949.cpp" />
    <ClCompile Include="5014.cpp" />
    <ClCompile Include="5054.cpp" />
    <ClCompile Include="5063.cpp" />
    <ClCompile Include="5176.cpp" />
    <ClCompile Include="5355.cpp" />
    <ClCompile Include="5427.cpp" />
    <ClCompile Include="5525.cpp" />
    <ClCompile Include="5639.cpp" />
    <ClCompile Include="5717.cpp" />
    <ClCompile Include="6064.cpp" />
    <ClCompile Include="6593.cpp" />
    <ClCompile Include="7513.cpp" />
    <ClCompile Include="7562.cpp" />
    <ClCompile Include="7569.cpp" />
    <ClCompile Include="7576.cpp" />
    <ClCompile Include="7662.cpp" />
    <ClCompile Include="8894.cpp" />
    <ClCompile Include="9019.cpp" />
    <ClCompile Include="9076.cpp" />
    <ClCompile Include="9084.cpp" />
    <ClCompile Include="9205.cpp" />
    <ClCompile Include="9251.cpp" />
    <ClCompile Include="9325.cpp" />
    <ClCompile Include="9375.cpp" />
    <ClCompile Include="9465.cpp" />
    <ClCompile Include="9466.cpp" />
    <ClCompile Include="9655.cpp" />
    <ClCompile Include="9663.cpp" />
    <ClCompile Include="9935.cpp" />
    <ClCompile Include="2342.cpp" />
    <ClCompile Include="2098.cpp" />
    <ClCompile Include="2003.cpp" />
    <ClCompile Include="2470.cpp" />
    <ClCompile Include="1644.cpp" />
    <ClCompile Include="2473.cpp" />
  </ItemGroup>
</Project>